
Microsoft Visual Studio Solution File, Format Version 12.00
Project("{FAE04EC0-301F-11D3-BF4B-00C04F79EFBC}") = "SchedulerJobSample", "SchedulerJobSample\SchedulerJobSample.csproj", "{0CC676C0-B298-47B4-9D08-435909F7F32F}"
EndProject
Project("{2150E333-8FDC-42A3-9474-1A3956D46DE8}") = "SolutionItems", "SolutionItems", "{A90AACC8-AB0E-49D1-89B9-55C85E41211E}"
ProjectSection(SolutionItems) = preProject
	README.md = README.md
EndProjectSection
EndProject
Global
	GlobalSection(SolutionConfigurationPlatforms) = preSolution
		Debug|Any CPU = Debug|Any CPU
		Release|Any CPU = Release|Any CPU
	EndGlobalSection
	GlobalSection(ProjectConfigurationPlatforms) = postSolution
		{0CC676C0-B298-47B4-9D08-435909F7F32F}.Debug|Any CPU.ActiveCfg = Debug|Any CPU
		{0CC676C0-B298-47B4-9D08-435909F7F32F}.Debug|Any CPU.Build.0 = Debug|Any CPU
		{0CC676C0-B298-47B4-9D08-435909F7F32F}.Release|Any CPU.ActiveCfg = Release|Any CPU
		{0CC676C0-B298-47B4-9D08-435909F7F32F}.Release|Any CPU.Build.0 = Release|Any CPU
	EndGlobalSection
EndGlobal
